{
    "_readme": [
        "This file locks the dependencies of your project to a known state",
        "Read more about it at http://getcomposer.org/doc/01-basic-usage.md#composer-lock-the-lock-file"
    ],
    "hash": "4986059b0710f7d5a0f81813c7f3a8f3",
    "packages": [
        {
            "name": "zendframework/zend-authentication",
            "version": "2.3.0",
            "target-dir": "Zend/Authentication",
            "source": {
                "type": "git",
                "url": "https://github.com/zendframework/Component_ZendAuthentication.git",
                "reference": "aeadcb4be42605765b4f5701375abda896fc762e"
            },
            "dist": {
                "type": "zip",
                "url": "https://api.github.com/repos/zendframework/Component_ZendAuthentication/zipball/aeadcb4be42605765b4f5701375abda896fc762e",
                "reference": "aeadcb4be42605765b4f5701375abda896fc762e",
                "shasum": ""
            },
            "require": {
                "php": ">=5.3.23",
                "zendframework/zend-stdlib": "self.version"
            },
            "require-dev": {
                "zendframework/zend-crypt": "self.version",
                "zendframework/zend-db": "self.version",
                "zendframework/zend-http": "self.version",
                "zendframework/zend-ldap": "self.version",
                "zendframework/zend-session": "self.version",
                "zendframework/zend-uri": "self.version",
                "zendframework/zend-validator": "self.version"
            },
            "suggest": {
                "zendframework/zend-crypt": "Zend\\Crypt component",
                "zendframework/zend-db": "Zend\\Db component",
                "zendframework/zend-http": "Zend\\Http component",
                "zendframework/zend-ldap": "Zend\\Ldap component",
                "zendframework/zend-session": "Zend\\Session component",
                "zendframework/zend-uri": "Zend\\Uri component",
                "zendframework/zend-validator": "Zend\\Validator component"
            },
            "type": "library",
            "extra": {
                "branch-alias": {
                    "dev-master": "2.2-dev",
                    "dev-develop": "2.3-dev"
                }
            },
            "autoload": {
                "psr-0": {
                    "Zend\\Authentication\\": ""
                }
            },
            "notification-url": "https://packagist.org/downloads/",
            "license": [
                "BSD-3-Clause"
            ],
            "description": "provides an API for authentication and includes concrete authentication adapters for common use case scenarios",
            "keywords": [
                "Authentication",
                "zf2"
            ],
            "time": "2014-03-12 17:03:58"
        },
        {
            "name": "zendframework/zend-eventmanager",
            "version": "2.3.0",
            "target-dir": "Zend/EventManager",
            "source": {
                "type": "git",
                "url": "https://github.com/zendframework/Component_ZendEventManager.git",
                "reference": "89368704bb37303fba64c3ddd6bce0506aa7187c"
            },
            "dist": {
                "type": "zip",
                "url": "https://api.github.com/repos/zendframework/Component_ZendEventManager/zipball/89368704bb37303fba64c3ddd6bce0506aa7187c",
                "reference": "89368704bb37303fba64c3ddd6bce0506aa7187c",
                "shasum": ""
            },
            "require": {
                "php": ">=5.3.3",
                "zendframework/zend-stdlib": "self.version"
            },
            "type": "library",
            "extra": {
                "branch-alias": {
                    "dev-master": "2.2-dev",
                    "dev-develop": "2.3-dev"
                }
            },
            "autoload": {
                "psr-0": {
                    "Zend\\EventManager\\": ""
                }
            },
            "notification-url": "https://packagist.org/downloads/",
            "license": [
                "BSD-3-Clause"
            ],
            "keywords": [
                "eventmanager",
                "zf2"
            ],
            "time": "2014-01-04 13:00:14"
        },
        {
            "name": "zendframework/zend-loader",
            "version": "2.3.0",
            "target-dir": "Zend/Loader",
            "source": {
                "type": "git",
                "url": "https://github.com/zendframework/Component_ZendLoader.git",
                "reference": "27a9f770630839e36cd5705f3661b5ef9abf8793"
            },
            "dist": {
                "type": "zip",
                "url": "https://api.github.com/repos/zendframework/Component_ZendLoader/zipball/27a9f770630839e36cd5705f3661b5ef9abf8793",
                "reference": "27a9f770630839e36cd5705f3661b5ef9abf8793",
                "shasum": ""
            },
            "require": {
                "php": ">=5.3.3"
            },
            "type": "library",
            "extra": {
                "branch-alias": {
                    "dev-master": "2.2-dev",
                    "dev-develop": "2.3-dev"
                }
            },
            "autoload": {
                "psr-0": {
                    "Zend\\Loader\\": ""
                }
            },
            "notification-url": "https://packagist.org/downloads/",
            "license": [
                "BSD-3-Clause"
            ],
            "keywords": [
                "loader",
                "zf2"
            ],
            "time": "2014-03-06 18:00:07"
        },
        {
            "name": "zendframework/zend-mvc",
            "version": "2.3.0",
            "target-dir": "Zend/Mvc",
            "source": {
                "type": "git",
                "url": "https://github.com/zendframework/Component_ZendMvc.git",
                "reference": "9171841f8b2cdb914dba972878ec78b9885352d0"
            },
            "dist": {
                "type": "zip",
                "url": "https://api.github.com/repos/zendframework/Component_ZendMvc/zipball/9171841f8b2cdb914dba972878ec78b9885352d0",
                "reference": "9171841f8b2cdb914dba972878ec78b9885352d0",
                "shasum": ""
            },
            "require": {
                "php": ">=5.3.23",
                "zendframework/zend-eventmanager": "self.version",
                "zendframework/zend-servicemanager": "self.version",
                "zendframework/zend-stdlib": "self.version"
            },
            "require-dev": {
                "zendframework/zend-authentication": "self.version",
                "zendframework/zend-console": "self.version",
                "zendframework/zend-di": "self.version",
                "zendframework/zend-filter": "self.version",
                "zendframework/zend-form": "self.version",
                "zendframework/zend-http": "self.version",
                "zendframework/zend-i18n": "self.version",
                "zendframework/zend-inputfilter": "self.version",
                "zendframework/zend-json": "self.version",
                "zendframework/zend-modulemanager": "self.version",
                "zendframework/zend-serializer": "self.version",
                "zendframework/zend-session": "self.version",
                "zendframework/zend-text": "self.version",
                "zendframework/zend-uri": "self.version",
                "zendframework/zend-validator": "self.version",
                "zendframework/zend-version": "self.version",
                "zendframework/zend-view": "self.version"
            },
            "suggest": {
                "zendframework/zend-authentication": "Zend\\Authentication component for Identity plugin",
                "zendframework/zend-config": "Zend\\Config component",
                "zendframework/zend-console": "Zend\\Console component",
                "zendframework/zend-di": "Zend\\Di component",
                "zendframework/zend-filter": "Zend\\Filter component",
                "zendframework/zend-form": "Zend\\Form component",
                "zendframework/zend-http": "Zend\\Http component",
                "zendframework/zend-i18n": "Zend\\I18n component for translatable segments",
                "zendframework/zend-inputfilter": "Zend\\Inputfilter component",
                "zendframework/zend-json": "Zend\\Json component",
                "zendframework/zend-modulemanager": "Zend\\ModuleManager component",
                "zendframework/zend-serializer": "Zend\\Serializer component",
                "zendframework/zend-session": "Zend\\Session component for FlashMessenger, PRG, and FPRG plugins",
                "zendframework/zend-stdlib": "Zend\\Stdlib component",
                "zendframework/zend-text": "Zend\\Text component",
                "zendframework/zend-uri": "Zend\\Uri component",
                "zendframework/zend-validator": "Zend\\Validator component",
                "zendframework/zend-version": "Zend\\Version component",
                "zendframework/zend-view": "Zend\\View component"
            },
            "type": "library",
            "extra": {
                "branch-alias": {
                    "dev-master": "2.2-dev",
                    "dev-develop": "2.3-dev"
                }
            },
            "autoload": {
                "psr-0": {
                    "Zend\\Mvc\\": ""
                }
            },
            "notification-url": "https://packagist.org/downloads/",
            "license": [
                "BSD-3-Clause"
            ],
            "keywords": [
                "mvc",
                "zf2"
            ],
            "time": "2014-03-12 17:04:30"
        },
        {
            "name": "zendframework/zend-permissions-rbac",
            "version": "2.3.0",
            "target-dir": "Zend/Permissions/Rbac",
            "source": {
                "type": "git",
                "url": "https://github.com/zendframework/Component_ZendPermissionsRbac.git",
                "reference": "2cd44d9327769049a4f771a655340457114b755c"
            },
            "dist": {
                "type": "zip",
                "url": "https://api.github.com/repos/zendframework/Component_ZendPermissionsRbac/zipball/2cd44d9327769049a4f771a655340457114b755c",
                "reference": "2cd44d9327769049a4f771a655340457114b755c",
                "shasum": ""
            },
            "require": {
                "php": ">=5.3.3"
            },
            "type": "library",
            "extra": {
                "branch-alias": {
                    "dev-master": "2.2-dev",
                    "dev-develop": "2.3-dev"
                }
            },
            "autoload": {
                "psr-0": {
                    "Zend\\Permissions\\Rbac\\": ""
                }
            },
            "notification-url": "https://packagist.org/downloads/",
            "license": [
                "BSD-3-Clause"
            ],
            "description": "provides a role-based access control management",
            "keywords": [
                "rbac",
                "zf2"
            ],
            "time": "2014-01-02 18:00:25"
        },
        {
            "name": "zendframework/zend-servicemanager",
            "version": "2.3.0",
            "target-dir": "Zend/ServiceManager",
            "source": {
                "type": "git",
                "url": "https://github.com/zendframework/Component_ZendServiceManager.git",
                "reference": "de182a20dfdcf978c49570514103c7477ef16e4f"
            },
            "dist": {
                "type": "zip",
                "url": "https://api.github.com/repos/zendframework/Component_ZendServiceManager/zipball/de182a20dfdcf978c49570514103c7477ef16e4f",
                "reference": "de182a20dfdcf978c49570514103c7477ef16e4f",
                "shasum": ""
            },
            "require": {
                "php": ">=5.3.3"
            },
            "suggest": {
                "zendframework/zend-di": "Zend\\Di component"
            },
            "type": "library",
            "extra": {
                "branch-alias": {
                    "dev-master": "2.2-dev",
                    "dev-develop": "2.3-dev"
                }
            },
            "autoload": {
                "psr-0": {
                    "Zend\\ServiceManager\\": ""
                }
            },
            "notification-url": "https://packagist.org/downloads/",
            "license": [
                "BSD-3-Clause"
            ],
            "keywords": [
                "servicemanager",
                "zf2"
            ],
            "time": "2014-03-03 21:00:04"
        },
        {
            "name": "zendframework/zend-session",
            "version": "2.3.0",
            "target-dir": "Zend/Session",
            "source": {
                "type": "git",
                "url": "https://github.com/zendframework/Component_ZendSession.git",
                "reference": "39fbad1f3b72f9ba86a218bc7b6e04dc72d800bf"
            },
            "dist": {
                "type": "zip",
                "url": "https://api.github.com/repos/zendframework/Component_ZendSession/zipball/39fbad1f3b72f9ba86a218bc7b6e04dc72d800bf",
                "reference": "39fbad1f3b72f9ba86a218bc7b6e04dc72d800bf",
                "shasum": ""
            },
            "require": {
                "php": ">=5.3.3",
                "zendframework/zend-stdlib": "self.version"
            },
            "suggest": {
                "zendframework/zend-eventmanager": "Zend\\EventManager component",
                "zendframework/zend-servicemanager": "Zend\\ServiceManager component",
                "zendframework/zend-validator": "Zend\\Validator component"
            },
            "type": "library",
            "extra": {
                "branch-alias": {
                    "dev-master": "2.2-dev",
                    "dev-develop": "2.3-dev"
                }
            },
            "autoload": {
                "psr-0": {
                    "Zend\\Session\\": ""
                }
            },
            "notification-url": "https://packagist.org/downloads/",
            "license": [
                "BSD-3-Clause"
            ],
            "description": "manage and preserve session data, a logical complement of cookie data, across multiple page requests by the same client",
            "keywords": [
                "session",
                "zf2"
            ],
            "time": "2014-01-04 13:00:26"
        },
        {
            "name": "zendframework/zend-stdlib",
            "version": "2.3.0",
            "target-dir": "Zend/Stdlib",
            "source": {
                "type": "git",
                "url": "https://github.com/zendframework/Component_ZendStdlib.git",
                "reference": "b6913eb223fa0ba646905522d4dbe1b84cddcb1c"
            },
            "dist": {
                "type": "zip",
                "url": "https://api.github.com/repos/zendframework/Component_ZendStdlib/zipball/b6913eb223fa0ba646905522d4dbe1b84cddcb1c",
                "reference": "b6913eb223fa0ba646905522d4dbe1b84cddcb1c",
                "shasum": ""
            },
            "require": {
                "php": ">=5.3.23"
            },
            "require-dev": {
                "zendframework/zend-eventmanager": "self.version",
                "zendframework/zend-serializer": "self.version",
                "zendframework/zend-servicemanager": "self.version"
            },
            "suggest": {
                "zendframework/zend-eventmanager": "To support aggregate hydrator usage",
                "zendframework/zend-serializer": "Zend\\Serializer component",
                "zendframework/zend-servicemanager": "To support hydrator plugin manager usage"
            },
            "type": "library",
            "extra": {
                "branch-alias": {
                    "dev-master": "2.2-dev",
                    "dev-develop": "2.3-dev"
                }
            },
            "autoload": {
                "psr-0": {
                    "Zend\\Stdlib\\": ""
                }
            },
            "notification-url": "https://packagist.org/downloads/",
            "license": [
                "BSD-3-Clause"
            ],
            "keywords": [
                "stdlib",
                "zf2"
            ],
            "time": "2014-03-13 16:18:45"
        },
        {
            "name": "zendframework/zend-view",
            "version": "2.3.0",
            "target-dir": "Zend/View",
            "source": {
                "type": "git",
                "url": "https://github.com/zendframework/Component_ZendView.git",
                "reference": "3d5977f5e253c830e2b7291e5fece5baed951fd9"
            },
            "dist": {
                "type": "zip",
                "url": "https://api.github.com/repos/zendframework/Component_ZendView/zipball/3d5977f5e253c830e2b7291e5fece5baed951fd9",
                "reference": "3d5977f5e253c830e2b7291e5fece5baed951fd9",
                "shasum": ""
            },
            "require": {
                "php": ">=5.3.3",
                "zendframework/zend-eventmanager": "self.version",
                "zendframework/zend-loader": "self.version",
                "zendframework/zend-stdlib": "self.version"
            },
            "suggest": {
                "zendframework/zend-filter": "Zend\\Filter component",
                "zendframework/zend-servicemanager": "2.3.0"
            },
            "type": "library",
            "extra": {
                "branch-alias": {
                    "dev-master": "2.2-dev",
                    "dev-develop": "2.3-dev"
                }
            },
            "autoload": {
                "psr-0": {
                    "Zend\\View\\": ""
                }
            },
            "notification-url": "https://packagist.org/downloads/",
            "license": [
                "BSD-3-Clause"
            ],
            "description": "provides a system of helpers, output filters, and variable escaping",
            "keywords": [
                "view",
                "zf2"
            ],
            "time": "2014-01-04 13:00:31"
        }
    ],
    "packages-dev": [

    ],
    "aliases": [

    ],
    "minimum-stability": "stable",
    "stability-flags": [

    ],
    "platform": {
        "php": ">=5.3.3"
    },
    "platform-dev": [

    ]
}
